// !$*UTF8*$!
{
	archiveVersion = 1;
	classes = {
	};
	objectVersion = 46;
	objects = {

/* Begin PBXBuildFile section */
		844E31F4CB98178BF70D2C7F /* Pods_Youth.framework in Frameworks */ = {isa = PBXBuildFile; fileRef = BF1CE3437DF2E00D7273593A /* Pods_Youth.framework */; };
		9D28D26C503E3C2E777AE889 /* Pods_YouthTests.framework in Frameworks */ = {isa = PBXBuildFile; fileRef = 081A80FA6810A7F7D3F0FC83 /* Pods_YouthTests.framework */; };
		D2105A441F10D674004BC95D /* AppDelegate.swift in Sources */ = {isa = PBXBuildFile; fileRef = D2105A431F10D674004BC95D /* AppDelegate.swift */; };
		D2105A461F10D674004BC95D /* ViewController.swift in Sources */ = {isa = PBXBuildFile; fileRef = D2105A451F10D674004BC95D /* ViewController.swift */; };
		D2105A491F10D674004BC95D /* Main.storyboard in Resources */ = {isa = PBXBuildFile; fileRef = D2105A471F10D674004BC95D /* Main.storyboard */; };
		D2105A4B1F10D674004BC95D /* Assets.xcassets in Resources */ = {isa = PBXBuildFile; fileRef = D2105A4A1F10D674004BC95D /* Assets.xcassets */; };
		D2105A4E1F10D674004BC95D /* LaunchScreen.storyboard in Resources */ = {isa = PBXBuildFile; fileRef = D2105A4C1F10D674004BC95D /* LaunchScreen.storyboard */; };
		D2105A591F10D674004BC95D /* YouthTests.swift in Sources */ = {isa = PBXBuildFile; fileRef = D2105A581F10D674004BC95D /* YouthTests.swift */; };
		D2105A641F10D674004BC95D /* YouthUITests.swift in Sources */ = {isa = PBXBuildFile; fileRef = D2105A631F10D674004BC95D /* YouthUITests.swift */; };
		D26324291F10D7EE0078F106 /* GoogleService-Info.plist in Resources */ = {isa = PBXBuildFile; fileRef = D26324281F10D7EE0078F106 /* GoogleService-Info.plist */; };
		F6A5D6616CED5DB1793AC4E5 /* Pods_YouthUITests.framework in Frameworks */ = {isa = PBXBuildFile; fileRef = E20A3C8DCF49BD0DAF380586 /* Pods_YouthUITests.framework */; };
/* End PBXBuildFile section */

/* Begin PBXContainerItemProxy section */
		D2105A551F10D674004BC95D /* PBXContainerItemProxy */ = {
			isa = PBXContainerItemProxy;
			containerPortal = D2105A381F10D674004BC95D /* Project object */;
			proxyType = 1;
			remoteGlobalIDString = D2105A3F1F10D674004BC95D;
			remoteInfo = Youth;
		};
		D2105A601F10D674004BC95D /* PBXContainerItemProxy */ = {
			isa = PBXContainerItemProxy;
			containerPortal = D2105A381F10D674004BC95D /* Project object */;
			proxyType = 1;
			remoteGlobalIDString = D2105A3F1F10D674004BC95D;
			remoteInfo = Youth;
		};
/* End PBXContainerItemProxy section */

/* Begin PBXFileReference section */
		081A80FA6810A7F7D3F0FC83 /* Pods_YouthTests.framework */ = {isa = PBXFileReference; explicitFileType = wrapper.framework; includeInIndex = 0; path = Pods_YouthTests.framework; sourceTree = BUILT_PRODUCTS_DIR; };
		20CA6DD58236C8FF3E7C46B0 /* Pods-Youth.debug.xcconfig */ = {isa = PBXFileReference; includeInIndex = 1; lastKnownFileType = text.xcconfig; name = "Pods-Youth.debug.xcconfig"; path = "Pods/Target Support Files/Pods-Youth/Pods-Youth.debug.xcconfig"; sourceTree = "<group>"; };
		36511B8257410C0AA0C2F4B5 /* Pods-YouthTests.release.xcconfig */ = {isa = PBXFileReference; includeInIndex = 1; lastKnownFileType = text.xcconfig; name = "Pods-YouthTests.release.xcconfig"; path = "Pods/Target Support Files/Pods-YouthTests/Pods-YouthTests.release.xcconfig"; sourceTree = "<group>"; };
		92C995D25CC4E26EB1B64BD1 /* Pods-YouthUITests.debug.xcconfig */ = {isa = PBXFileReference; includeInIndex = 1; lastKnownFileType = text.xcconfig; name = "Pods-YouthUITests.debug.xcconfig"; path = "Pods/Target Support Files/Pods-YouthUITests/Pods-YouthUITests.debug.xcconfig"; sourceTree = "<group>"; };
		BF1CE3437DF2E00D7273593A /* Pods_Youth.framework */ = {isa = PBXFileReference; explicitFileType = wrapper.framework; includeInIndex = 0; path = Pods_Youth.framework; sourceTree = BUILT_PRODUCTS_DIR; };
		C56260414EF8946CFDF210E5 /* Pods-Youth.release.xcconfig */ = {isa = PBXFileReference; includeInIndex = 1; lastKnownFileType = text.xcconfig; name = "Pods-Youth.release.xcconfig"; path = "Pods/Target Support Files/Pods-Youth/Pods-Youth.release.xcconfig"; sourceTree = "<group>"; };
		D2105A401F10D674004BC95D /* Youth.app */ = {isa = PBXFileReference; explicitFileType = wrapper.application; includeInIndex = 0; path = Youth.app; sourceTree = BUILT_PRODUCTS_DIR; };
		D2105A431F10D674004BC95D /* AppDelegate.swift */ = {isa = PBXFileReference; lastKnownFileType = sourcecode.swift; path = AppDelegate.swift; sourceTree = "<group>"; };
		D2105A451F10D674004BC95D /* ViewController.swift */ = {isa = PBXFileReference; lastKnownFileType = sourcecode.swift; path = ViewController.swift; sourceTree = "<group>"; };
		D2105A481F10D674004BC95D /* Base */ = {isa = PBXFileReference; lastKnownFileType = file.storyboard; name = Base; path = Base.lproj/Main.storyboard; sourceTree = "<group>"; };
		D2105A4A1F10D674004BC95D /* Assets.xcassets */ = {isa = PBXFileReference; lastKnownFileType = folder.assetcatalog; path = Assets.xcassets; sourceTree = "<group>"; };
		D2105A4D1F10D674004BC95D /* Base */ = {isa = PBXFileReference; lastKnownFileType = file.storyboard; name = Base; path = Base.lproj/LaunchScreen.storyboard; sourceTree = "<group>"; };
		D2105A4F1F10D674004BC95D /* Info.plist */ = {isa = PBXFileReference; lastKnownFileType = text.plist.xml; path = Info.plist; sourceTree = "<group>"; };
		D2105A541F10D674004BC95D /* YouthTests.xctest */ = {isa = PBXFileReference; explicitFileType = wrapper.cfbundle; includeInIndex = 0; path = YouthTests.xctest; sourceTree = BUILT_PRODUCTS_DIR; };
		D2105A581F10D674004BC95D /* YouthTests.swift */ = {isa = PBXFileReference; lastKnownFileType = sourcecode.swift; path = YouthTests.swift; sourceTree = "<group>"; };
		D2105A5A1F10D674004BC95D /* Info.plist */ = {isa = PBXFileReference; lastKnownFileType = text.plist.xml; path = Info.plist; sourceTree = "<group>"; };
		D2105A5F1F10D674004BC95D /* YouthUITests.xctest */ = {isa = PBXFileReference; explicitFileType = wrapper.cfbundle; includeInIndex = 0; path = YouthUITests.xctest; sourceTree = BUILT_PRODUCTS_DIR; };
		D2105A631F10D674004BC95D /* YouthUITests.swift */ = {isa = PBXFileReference; lastKnownFileType = sourcecode.swift; path = YouthUITests.swift; sourceTree = "<group>"; };
		D2105A651F10D674004BC95D /* Info.plist */ = {isa = PBXFileReference; lastKnownFileType = text.plist.xml; path = Info.plist; sourceTree = "<group>"; };
		D26324281F10D7EE0078F106 /* GoogleService-Info.plist */ = {isa = PBXFileReference; fileEncoding = 4; lastKnownFileType = text.plist.xml; path = "GoogleService-Info.plist"; sourceTree = "<group>"; };
		E20A3C8DCF49BD0DAF380586 /* Pods_YouthUITests.framework */ = {isa = PBXFileReference; explicitFileType = wrapper.framework; includeInIndex = 0; path = Pods_YouthUITests.framework; sourceTree = BUILT_PRODUCTS_DIR; };
		F497A4F83EE62AC3A8036329 /* Pods-YouthTests.debug.xcconfig */ = {isa = PBXFileReference; includeInIndex = 1; lastKnownFileType = text.xcconfig; name = "Pods-YouthTests.debug.xcconfig"; path = "Pods/Target Support Files/Pods-YouthTests/Pods-YouthTests.debug.xcconfig"; sourceTree = "<group>"; };
		F5067A3FE35E0725B7AADD31 /* Pods-YouthUITests.release.xcconfig */ = {isa = PBXFileReference; includeInIndex = 1; lastKnownFileType = text.xcconfig; name = "Pods-YouthUITests.release.xcconfig"; path = "Pods/Target Support Files/Pods-YouthUITests/Pods-YouthUITests.release.xcconfig"; sourceTree = "<group>"; };
/* End PBXFileReference section */

/* Begin PBXFrameworksBuildPhase section */
		D2105A3D1F10D674004BC95D /* Frameworks */ = {
			isa = PBXFrameworksBuildPhase;
			buildActionMask = 2147483647;
			files = (
				844E31F4CB98178BF70D2C7F /* Pods_Youth.framework in Frameworks */,
			);
			runOnlyForDeploymentPostprocessing = 0;
		};
		D2105A511F10D674004BC95D /* Frameworks */ = {
			isa = PBXFrameworksBuildPhase;
			buildActionMask = 2147483647;
			files = (
				9D28D26C503E3C2E777AE889 /* Pods_YouthTests.framework in Frameworks */,
			);
			runOnlyForDeploymentPostprocessing = 0;
		};
		D2105A5C1F10D674004BC95D /* Frameworks */ = {
			isa = PBXFrameworksBuildPhase;
			buildActionMask = 2147483647;
			files = (
				F6A5D6616CED5DB1793AC4E5 /* Pods_YouthUITests.framework in Frameworks */,
			);
			runOnlyForDeploymentPostprocessing = 0;
		};
/* End PBXFrameworksBuildPhase section */

/* Begin PBXGroup section */
		3508A42519AA211986FBDB67 /* Pods */ = {
			isa = PBXGroup;
			children = (
				20CA6DD58236C8FF3E7C46B0 /* Pods-Youth.debug.xcconfig */,
				C56260414EF8946CFDF210E5 /* Pods-Youth.release.xcconfig */,
				F497A4F83EE62AC3A8036329 /* Pods-YouthTests.debug.xcconfig */,
				36511B8257410C0AA0C2F4B5 /* Pods-YouthTests.release.xcconfig */,
				92C995D25CC4E26EB1B64BD1 /* Pods-YouthUITests.debug.xcconfig */,
				F5067A3FE35E0725B7AADD31 /* Pods-YouthUITests.release.xcconfig */,
			);
			name = Pods;
			sourceTree = "<group>";
		};
		7A1821B2ECA4D6B8A10049F6 /* Frameworks */ = {
			isa = PBXGroup;
			children = (
				BF1CE3437DF2E00D7273593A /* Pods_Youth.framework */,
				081A80FA6810A7F7D3F0FC83 /* Pods_YouthTests.framework */,
				E20A3C8DCF49BD0DAF380586 /* Pods_YouthUITests.framework */,
			);
			name = Frameworks;
			sourceTree = "<group>";
		};
		D2105A371F10D674004BC95D = {
			isa = PBXGroup;
			children = (
				D2105A421F10D674004BC95D /* Youth */,
				D2105A571F10D674004BC95D /* YouthTests */,
				D2105A621F10D674004BC95D /* YouthUITests */,
				D2105A411F10D674004BC95D /* Products */,
				3508A42519AA211986FBDB67 /* Pods */,
				7A1821B2ECA4D6B8A10049F6 /* Frameworks */,
			);
			sourceTree = "<group>";
		};
		D2105A411F10D674004BC95D /* Products */ = {
			isa = PBXGroup;
			children = (
				D2105A401F10D674004BC95D /* Youth.app */,
				D2105A541F10D674004BC95D /* YouthTests.xctest */,
				D2105A5F1F10D674004BC95D /* YouthUITests.xctest */,
			);
			name = Products;
			sourceTree = "<group>";
		};
		D2105A421F10D674004BC95D /* Youth */ = {
			isa = PBXGroup;
			children = (
				D26324281F10D7EE0078F106 /* GoogleService-Info.plist */,
				D2105A431F10D674004BC95D /* AppDelegate.swift */,
				D2105A451F10D674004BC95D /* ViewController.swift */,
				D2105A471F10D674004BC95D /* Main.storyboard */,
				D2105A4A1F10D674004BC95D /* Assets.xcassets */,
				D2105A4C1F10D674004BC95D /* LaunchScreen.storyboard */,
				D2105A4F1F10D674004BC95D /* Info.plist */,
			);
			path = Youth;
			sourceTree = "<group>";
		};
		D2105A571F10D674004BC95D /* YouthTests */ = {
			isa = PBXGroup;
			children = (
				D2105A581F10D674004BC95D /* YouthTests.swift */,
				D2105A5A1F10D674004BC95D /* Info.plist */,
			);
			path = YouthTests;
			sourceTree = "<group>";
		};
		D2105A621F10D674004BC95D /* YouthUITests */ = {
			isa = PBXGroup;
			children = (
				D2105A631F10D674004BC95D /* YouthUITests.swift */,
				D2105A651F10D674004BC95D /* Info.plist */,
			);
			path = YouthUITests;
			sourceTree = "<group>";
		};
/* End PBXGroup section */

/* Begin PBXNativeTarget section */
		D2105A3F1F10D674004BC95D /* Youth */ = {
			isa = PBXNativeTarget;
			buildConfigurationList = D2105A681F10D674004BC95D /* Build configuration list for PBXNativeTarget "Youth" */;
			buildPhases = (
				9838356720C0B00E4CB5C0DB /* [CP] Check Pods Manifest.lock */,
				D2105A3C1F10D674004BC95D /* Sources */,
				D2105A3D1F10D674004BC95D /* Frameworks */,
				D2105A3E1F10D674004BC95D /* Resources */,
				1730BD63A22F9E12A308A6EA /* [CP] Embed Pods Frameworks */,
				7EF8842AAB185ADFE5491CEA /* [CP] Copy Pods Resources */,
			);
			buildRules = (
			);
			dependencies = (
			);
			name = Youth;
			productName = Youth;
			productReference = D2105A401F10D674004BC95D /* Youth.app */;
			productType = "com.apple.product-type.application";
		};
		D2105A531F10D674004BC95D /* YouthTests */ = {
			isa = PBXNativeTarget;
			buildConfigurationList = D2105A6B1F10D674004BC95D /* Build configuration list for PBXNativeTarget "YouthTests" */;
			buildPhases = (
				04C9D412F8715B7851C8D751 /* [CP] Check Pods Manifest.lock */,
				D2105A501F10D674004BC95D /* Sources */,
				D2105A511F10D674004BC95D /* Frameworks */,
				D2105A521F10D674004BC95D /* Resources */,
				467AC3EDD5B9F6563FBD5B5A /* [CP] Embed Pods Frameworks */,
				553736BFCDCBCC312B990BEC /* [CP] Copy Pods Resources */,
			);
			buildRules = (
			);
			dependencies = (
				D2105A561F10D674004BC95D /* PBXTargetDependency */,
			);
			name = YouthTests;
			productName = YouthTests;
			productReference = D2105A541F10D674004BC95D /* YouthTests.xctest */;
			productType = "com.apple.product-type.bundle.unit-test";
		};
		D2105A5E1F10D674004BC95D /* YouthUITests */ = {
			isa = PBXNativeTarget;
			buildConfigurationList = D2105A6E1F10D674004BC95D /* Build configuration list for PBXNativeTarget "YouthUITests" */;
			buildPhases = (
				D110A61573772647C1200A0B /* [CP] Check Pods Manifest.lock */,
				D2105A5B1F10D674004BC95D /* Sources */,
				D2105A5C1F10D674004BC95D /* Frameworks */,
				D2105A5D1F10D674004BC95D /* Resources */,
				EC0F08B8B984F17A5C7DE9E5 /* [CP] Copy Pods Resources */,
			);
			buildRules = (
			);
			dependencies = (
				D2105A611F10D674004BC95D /* PBXTargetDependency */,
			);
			name = YouthUITests;
			productName = YouthUITests;
			productReference = D2105A5F1F10D674004BC95D /* YouthUITests.xctest */;
			productType = "com.apple.product-type.bundle.ui-testing";
		};
/* End PBXNativeTarget section */

/* Begin PBXProject section */
		D2105A381F10D674004BC95D /* Project object */ = {
			isa = PBXProject;
			attributes = {
				LastSwiftUpdateCheck = 0730;
				LastUpgradeCheck = 0830;
				ORGANIZATIONNAME = "Josef Svensson";
				TargetAttributes = {
					D2105A3F1F10D674004BC95D = {
						CreatedOnToolsVersion = 7.3.1;
						DevelopmentTeam = XGDLXSZRRE;
						LastSwiftMigration = 0830;
					};
					D2105A531F10D674004BC95D = {
						CreatedOnToolsVersion = 7.3.1;
						DevelopmentTeam = XGDLXSZRRE;
						LastSwiftMigration = 0830;
						TestTargetID = D2105A3F1F10D674004BC95D;
					};
					D2105A5E1F10D674004BC95D = {
						CreatedOnToolsVersion = 7.3.1;
						DevelopmentTeam = XGDLXSZRRE;
						LastSwiftMigration = 0830;
						TestTargetID = D2105A3F1F10D674004BC95D;
					};
				};
			};
			buildConfigurationList = D2105A3B1F10D674004BC95D /* Build configuration list for PBXProject "Youth" */;
			compatibilityVersion = "Xcode 3.2";
			developmentRegion = English;
			hasScannedForEncodings = 0;
			knownRegions = (
				en,
				Base,
			);
			mainGroup = D2105A371F10D674004BC95D;
			productRefGroup = D2105A411F10D674004BC95D /* Products */;
			projectDirPath = "";
			projectRoot = "";
			targets = (
				D2105A3F1F10D674004BC95D /* Youth */,
				D2105A531F10D674004BC95D /* YouthTests */,
				D2105A5E1F10D674004BC95D /* YouthUITests */,
			);
		};
/* End PBXProject section */

/* Begin PBXResourcesBuildPhase section */
		D2105A3E1F10D674004BC95D /* Resources */ = {
			isa = PBXResourcesBuildPhase;
			buildActionMask = 2147483647;
			files = (
				D2105A4E1F10D674004BC95D /* LaunchScreen.storyboard in Resources */,
				D26324291F10D7EE0078F106 /* GoogleService-Info.plist in Resources */,
				D2105A4B1F10D674004BC95D /* Assets.xcassets in Resources */,
				D2105A491F10D674004BC95D /* Main.storyboard in Resources */,
			);
			runOnlyForDeploymentPostprocessing = 0;
		};
		D2105A521F10D674004BC95D /* Resources */ = {
			isa = PBXResourcesBuildPhase;
			buildActionMask = 2147483647;
			files = (
			);
			runOnlyForDeploymentPostprocessing = 0;
		};
		D2105A5D1F10D674004BC95D /* Resources */ = {
			isa = PBXResourcesBuildPhase;
			buildActionMask = 2147483647;
			files = (
			);
			runOnlyForDeploymentPostprocessing = 0;
		};
/* End PBXResourcesBuildPhase section */

/* Begin PBXShellScriptBuildPhase section */
		04C9D412F8715B7851C8D751 /* [CP] Check Pods Manifest.lock */ = {
			isa = PBXShellScriptBuildPhase;
			buildActionMask = 2147483647;
			files = (
			);
			inputPaths = (
			);
			name = "[CP] Check Pods Manifest.lock";
			outputPaths = (
			);
			runOnlyForDeploymentPostprocessing = 0;
			shellPath = /bin/sh;
			shellScript = "diff \"${PODS_ROOT}/../Podfile.lock\" \"${PODS_ROOT}/Manifest.lock\" > /dev/null\nif [[ $? != 0 ]] ; then\n    cat << EOM\nerror: The sandbox is not in sync with the Podfile.lock. Run 'pod install' or update your CocoaPods installation.\nEOM\n    exit 1\nfi\n";
			showEnvVarsInLog = 0;
		};
		1730BD63A22F9E12A308A6EA /* [CP] Embed Pods Frameworks */ = {
			isa = PBXShellScriptBuildPhase;
			buildActionMask = 2147483647;
			files = (
			);
			inputPaths = (
			);
			name = "[CP] Embed Pods Frameworks";
			outputPaths = (
			);
			runOnlyForDeploymentPostprocessing = 0;
			shellPath = /bin/sh;
			shellScript = "\"${SRCROOT}/Pods/Target Support Files/Pods-Youth/Pods-Youth-frameworks.sh\"\n";
			showEnvVarsInLog = 0;
		};
		467AC3EDD5B9F6563FBD5B5A /* [CP] Embed Pods Frameworks */ = {
			isa = PBXShellScriptBuildPhase;
			buildActionMask = 2147483647;
			files = (
			);
			inputPaths = (
			);
			name = "[CP] Embed Pods Frameworks";
			outputPaths = (
			);
			runOnlyForDeploymentPostprocessing = 0;
			shellPath = /bin/sh;
			shellScript = "\"${SRCROOT}/Pods/Target Support Files/Pods-YouthTests/Pods-YouthTests-frameworks.sh\"\n";
			showEnvVarsInLog = 0;
		};
		553736BFCDCBCC312B990BEC /* [CP] Copy Pods Resources */ = {
			isa = PBXShellScriptBuildPhase;
			buildActionMask = 2147483647;
			files = (
			);
			inputPaths = (
			);
			name = "[CP] Copy Pods Resources";
			outputPaths = (
			);
			runOnlyForDeploymentPostprocessing = 0;
			shellPath = /bin/sh;
			shellScript = "\"${SRCROOT}/Pods/Target Support Files/Pods-YouthTests/Pods-YouthTests-resources.sh\"\n";
			showEnvVarsInLog = 0;
		};
		7EF8842AAB185ADFE5491CEA /* [CP] Copy Pods Resources */ = {
			isa = PBXShellScriptBuildPhase;
			buildActionMask = 2147483647;
			files = (
			);
			inputPaths = (
			);
			name = "[CP] Copy Pods Resources";
			outputPaths = (
			);
			runOnlyForDeploymentPostprocessing = 0;
			shellPath = /bin/sh;
			shellScript = "\"${SRCROOT}/Pods/Target Support Files/Pods-Youth/Pods-Youth-resources.sh\"\n";
			showEnvVarsInLog = 0;
		};
		9838356720C0B00E4CB5C0DB /* [CP] Check Pods Manifest.lock */ = {
			isa = PBXShellScriptBuildPhase;
			buildActionMask = 2147483647;
			files = (
			);
			inputPaths = (
			);
			name = "[CP] Check Pods Manifest.lock";
			outputPaths = (
			);
			runOnlyForDeploymentPostprocessing = 0;
			shellPath = /bin/sh;
			shellScript = "diff \"${PODS_ROOT}/../Podfile.lock\" \"${PODS_ROOT}/Manifest.lock\" > /dev/null\nif [[ $? != 0 ]] ; then\n    cat << EOM\nerror: The sandbox is not in sync with the Podfile.lock. Run 'pod install' or update your CocoaPods installation.\nEOM\n    exit 1\nfi\n";
			showEnvVarsInLog = 0;
		};
		D110A61573772647C1200A0B /* [CP] Check Pods Manifest.lock */ = {
			isa = PBXShellScriptBuildPhase;
			buildActionMask = 2147483647;
			files = (
			);
			inputPaths = (
			);
			name = "[CP] Check Pods Manifest.lock";
			outputPaths = (
			);
			runOnlyForDeploymentPostprocessing = 0;
			shellPath = /bin/sh;
			shellScript = "diff \"${PODS_ROOT}/../Podfile.lock\" \"${PODS_ROOT}/Manifest.lock\" > /dev/null\nif [[ $? != 0 ]] ; then\n    cat << EOM\nerror: The sandbox is not in sync with the Podfile.lock. Run 'pod install' or update your CocoaPods installation.\nEOM\n    exit 1\nfi\n";
			showEnvVarsInLog = 0;
		};
		EC0F08B8B984F17A5C7DE9E5 /* [CP] Copy Pods Resources */ = {
			isa = PBXShellScriptBuildPhase;
			buildActionMask = 2147483647;
			files = (
			);
			inputPaths = (
			);
			name = "[CP] Copy Pods Resources";
			outputPaths = (
			);
			runOnlyForDeploymentPostprocessing = 0;
			shellPath = /bin/sh;
			shellScript = "\"${SRCROOT}/Pods/Target Support Files/Pods-YouthUITests/Pods-YouthUITests-resources.sh\"\n";
			showEnvVarsInLog = 0;
		};
/* End PBXShellScriptBuildPhase section */

/* Begin PBXSourcesBuildPhase section */
		D2105A3C1F10D674004BC95D /* Sources */ = {
			isa = PBXSourcesBuildPhase;
			buildActionMask = 2147483647;
			files = (
				D2105A461F10D674004BC95D /* ViewController.swift in Sources */,
				D2105A441F10D674004BC95D /* AppDelegate.swift in Sources */,
			);
			runOnlyForDeploymentPostprocessing = 0;
		};
		D2105A501F10D674004BC95D /* Sources */ = {
			isa = PBXSourcesBuildPhase;
			buildActionMask = 2147483647;
			files = (
				D2105A591F10D674004BC95D /* YouthTests.swift in Sources */,
			);
			runOnlyForDeploymentPostprocessing = 0;
		};
		D2105A5B1F10D674004BC95D /* Sources */ = {
			isa = PBXSourcesBuildPhase;
			buildActionMask = 2147483647;
			files = (
				D2105A641F10D674004BC95D /* YouthUITests.swift in Sources */,
			);
			runOnlyForDeploymentPostprocessing = 0;
		};
/* End PBXSourcesBuildPhase section */

/* Begin PBXTargetDependency section */
		D2105A561F10D674004BC95D /* PBXTargetDependency */ = {
			isa = PBXTargetDependency;
			target = D2105A3F1F10D674004BC95D /* Youth */;
			targetProxy = D2105A551F10D674004BC95D /* PBXContainerItemProxy */;
		};
		D2105A611F10D674004BC95D /* PBXTargetDependency */ = {
			isa = PBXTargetDependency;
			target = D2105A3F1F10D674004BC95D /* Youth */;
			targetProxy = D2105A601F10D674004BC95D /* PBXContainerItemProxy */;
		};
/* End PBXTargetDependency section */

/* Begin PBXVariantGroup section */
		D2105A471F10D674004BC95D /* Main.storyboard */ = {
			isa = PBXVariantGroup;
			children = (
				D2105A481F10D674004BC95D /* Base */,
			);
			name = Main.storyboard;
			sourceTree = "<group>";
		};
		D2105A4C1F10D674004BC95D /* LaunchScreen.storyboard */ = {
			isa = PBXVariantGroup;
			children = (
				D2105A4D1F10D674004BC95D /* Base */,
			);
			name = LaunchScreen.storyboard;
			sourceTree = "<group>";
		};
/* End PBXVariantGroup section */

/* Begin XCBuildConfiguration section */
		D2105A661F10D674004BC95D /* Debug */ = {
			isa = XCBuildConfiguration;
			buildSettings = {
				ALWAYS_SEARCH_USER_PATHS = NO;
				CLANG_ANALYZER_NONNULL = YES;
				CLANG_CXX_LANGUAGE_STANDARD = "gnu++0x";
				CLANG_CXX_LIBRARY = "libc++";
				CLANG_ENABLE_MODULES = YES;
				CLANG_ENABLE_OBJC_ARC = YES;
				CLANG_WARN_BOOL_CONVERSION = YES;
				CLANG_WARN_CONSTANT_CONVERSION = YES;
				CLANG_WARN_DIRECT_OBJC_ISA_USAGE = YES_ERROR;
				CLANG_WARN_EMPTY_BODY = YES;
				CLANG_WARN_ENUM_CONVERSION = YES;
				CLANG_WARN_INFINITE_RECURSION = YES;
				CLANG_WARN_INT_CONVERSION = YES;
				CLANG_WARN_OBJC_ROOT_CLASS = YES_ERROR;
				CLANG_WARN_SUSPICIOUS_MOVE = YES;
				CLANG_WARN_UNREACHABLE_CODE = YES;
				CLANG_WARN__DUPLICATE_METHOD_MATCH = YES;
				"CODE_SIGN_IDENTITY[sdk=iphoneos*]" = "iPhone Developer";
				COPY_PHASE_STRIP = NO;
				DEBUG_INFORMATION_FORMAT = dwarf;
				ENABLE_STRICT_OBJC_MSGSEND = YES;
				ENABLE_TESTABILITY = YES;
				GCC_C_LANGUAGE_STANDARD = gnu99;
				GCC_DYNAMIC_NO_PIC = NO;
				GCC_NO_COMMON_BLOCKS = YES;
				GCC_OPTIMIZATION_LEVEL = 0;
				GCC_PREPROCESSOR_DEFINITIONS = (
					"DEBUG=1",
					"$(inherited)",
				);
				GCC_WARN_64_TO_32_BIT_CONVERSION = YES;
				GCC_WARN_ABOUT_RETURN_TYPE = YES_ERROR;
				GCC_WARN_UNDECLARED_SELECTOR = YES;
				GCC_WARN_UNINITIALIZED_AUTOS = YES_AGGRESSIVE;
				GCC_WARN_UNUSED_FUNCTION = YES;
				GCC_WARN_UNUSED_VARIABLE = YES;
				IPHONEOS_DEPLOYMENT_TARGET = 9.3;
				MTL_ENABLE_DEBUG_INFO = YES;
				ONLY_ACTIVE_ARCH = YES;
				SDKROOT = iphoneos;
				SWIFT_OPTIMIZATION_LEVEL = "-Onone";
				TARGETED_DEVICE_FAMILY = "1,2";
			};
			name = Debug;
		};
		D2105A671F10D674004BC95D /* Release */ = {
			isa = XCBuildConfiguration;
			buildSettings = {
				ALWAYS_SEARCH_USER_PATHS = NO;
				CLANG_ANALYZER_NONNULL = YES;
				CLANG_CXX_LANGUAGE_STANDARD = "gnu++0x";
				CLANG_CXX_LIBRARY = "libc++";
				CLANG_ENABLE_MODULES = YES;
				CLANG_ENABLE_OBJC_ARC = YES;
				CLANG_WARN_BOOL_CONVERSION = YES;
				CLANG_WARN_CONSTANT_CONVERSION = YES;
				CLANG_WARN_DIRECT_OBJC_ISA_USAGE = YES_ERROR;
				CLANG_WARN_EMPTY_BODY = YES;
				CLANG_WARN_ENUM_CONVERSION = YES;
				CLANG_WARN_INFINITE_RECURSION = YES;
				CLANG_WARN_INT_CONVERSION = YES;
				CLANG_WARN_OBJC_ROOT_CLASS = YES_ERROR;
				CLANG_WARN_SUSPICIOUS_MOVE = YES;
				CLANG_WARN_UNREACHABLE_CODE = YES;
				CLANG_WARN__DUPLICATE_METHOD_MATCH = YES;
				"CODE_SIGN_IDENTITY[sdk=iphoneos*]" = "iPhone Developer";
				COPY_PHASE_STRIP = NO;
				DEBUG_INFORMATION_FORMAT = "dwarf-with-dsym";
				ENABLE_NS_ASSERTIONS = NO;
				ENABLE_STRICT_OBJC_MSGSEND = YES;
				GCC_C_LANGUAGE_STANDARD = gnu99;
				GCC_NO_COMMON_BLOCKS = YES;
				GCC_WARN_64_TO_32_BIT_CONVERSION = YES;
				GCC_WARN_ABOUT_RETURN_TYPE = YES_ERROR;
				GCC_WARN_UNDECLARED_SELECTOR = YES;
				GCC_WARN_UNINITIALIZED_AUTOS = YES_AGGRESSIVE;
				GCC_WARN_UNUSED_FUNCTION = YES;
				GCC_WARN_UNUSED_VARIABLE = YES;
				IPHONEOS_DEPLOYMENT_TARGET = 9.3;
				MTL_ENABLE_DEBUG_INFO = NO;
				SDKROOT = iphoneos;
				SWIFT_OPTIMIZATION_LEVEL = "-Owholemodule";
				TARGETED_DEVICE_FAMILY = "1,2";
				VALIDATE_PRODUCT = YES;
			};
			name = Release;
		};
		D2105A691F10D674004BC95D /* Debug */ = {
			isa = XCBuildConfiguration;
			baseConfigurationReference = 20CA6DD58236C8FF3E7C46B0 /* Pods-Youth.debug.xcconfig */;
			buildSettings = {
				ASSETCATALOG_COMPILER_APPICON_NAME = AppIcon;
				INFOPLIST_FILE = Youth/Info.plist;
				IPHONEOS_DEPLOYMENT_TARGET = 10.3;
				LD_RUNPATH_SEARCH_PATHS = "$(inherited) @executable_path/Frameworks";
				PRODUCT_BUNDLE_IDENTIFIER = se.livetsord.Youth;
				PRODUCT_NAME = "$(TARGET_NAME)";
				SWIFT_VERSION = 3.0;
			};
			name = Debug;
		};
		D2105A6A1F10D674004BC95D /* Release */ = {
			isa = XCBuildConfiguration;
			baseConfigurationReference = C56260414EF8946CFDF210E5 /* Pods-Youth.release.xcconfig */;
			buildSettings = {
				ASSETCATALOG_COMPILER_APPICON_NAME = AppIcon;
				INFOPLIST_FILE = Youth/Info.plist;
				IPHONEOS_DEPLOYMENT_TARGET = 10.3;
				LD_RUNPATH_SEARCH_PATHS = "$(inherited) @executable_path/Frameworks";
				PRODUCT_BUNDLE_IDENTIFIER = se.livetsord.Youth;
				PRODUCT_NAME = "$(TARGET_NAME)";
				SWIFT_VERSION = 3.0;
			};
			name = Release;
		};
		D2105A6C1F10D674004BC95D /* Debug */ = {
			isa = XCBuildConfiguration;
			baseConfigurationReference = F497A4F83EE62AC3A8036329 /* Pods-YouthTests.debug.xcconfig */;
			buildSettings = {
				BUNDLE_LOADER = "$(TEST_HOST)";
				INFOPLIST_FILE = YouthTests/Info.plist;
				LD_RUNPATH_SEARCH_PATHS = "$(inherited) @executable_path/Frameworks @loader_path/Frameworks";
				PRODUCT_BUNDLE_IDENTIFIER = se.livetsord.YouthTests;
				PRODUCT_NAME = "$(TARGET_NAME)";
				SWIFT_VERSION = 3.0;
				TEST_HOST = "$(BUILT_PRODUCTS_DIR)/Youth.app/Youth";
			};
			name = Debug;
		};
		D2105A6D1F10D674004BC95D /* Release */ = {
			isa = XCBuildConfiguration;
			baseConfigurationReference = 36511B8257410C0AA0C2F4B5 /* Pods-YouthTests.release.xcconfig */;
			buildSettings = {
				BUNDLE_LOADER = "$(TEST_HOST)";
				INFOPLIST_FILE = YouthTests/Info.plist;
				LD_RUNPATH_SEARCH_PATHS = "$(inherited) @executable_path/Frameworks @loader_path/Frameworks";
				PRODUCT_BUNDLE_IDENTIFIER = se.livetsord.YouthTests;
				PRODUCT_NAME = "$(TARGET_NAME)";
				SWIFT_VERSION = 3.0;
				TEST_HOST = "$(BUILT_PRODUCTS_DIR)/Youth.app/Youth";
			};
			name = Release;
		};
		D2105A6F1F10D674004BC95D /* Debug */ = {
			isa = XCBuildConfiguration;
			baseConfigurationReference = 92C995D25CC4E26EB1B64BD1 /* Pods-YouthUITests.debug.xcconfig */;
			buildSettings = {
				INFOPLIST_FILE = YouthUITests/Info.plist;
				LD_RUNPATH_SEARCH_PATHS = "$(inherited) @executable_path/Frameworks @loader_path/Frameworks";
				PRODUCT_BUNDLE_IDENTIFIER = se.livetsord.YouthUITests;
				PRODUCT_NAME = "$(TARGET_NAME)";
				SWIFT_VERSION = 3.0;
				TEST_TARGET_NAME = Youth;
			};
			name = Debug;
		};
		D2105A701F10D674004BC95D /* Release */ = {
			isa = XCBuildConfiguration;
			baseConfigurationReference = F5067A3FE35E0725B7AADD31 /* Pods-YouthUITests.release.xcconfig */;
			buildSettings = {
				INFOPLIST_FILE = YouthUITests/Info.plist;
				LD_RUNPATH_SEARCH_PATHS = "$(inherited) @executable_path/Frameworks @loader_path/Frameworks";
				PRODUCT_BUNDLE_IDENTIFIER = se.livetsord.YouthUITests;
				PRODUCT_NAME = "$(TARGET_NAME)";
				SWIFT_VERSION = 3.0;
				TEST_TARGET_NAME = Youth;
			};
			name = Release;
		};
/* End XCBuildConfiguration section */

/* Begin XCConfigurationList section */
		D2105A3B1F10D674004BC95D /* Build configuration list for PBXProject "Youth" */ = {
			isa = XCConfigurationList;
			buildConfigurations = (
				D2105A661F10D674004BC95D /* Debug */,
				D2105A671F10D674004BC95D /* Release */,
			);
			defaultConfigurationIsVisible = 0;
			defaultConfigurationName = Release;
		};
		D2105A681F10D674004BC95D /* Build configuration list for PBXNativeTarget "Youth" */ = {
			isa = XCConfigurationList;
			buildConfigurations = (
				D2105A691F10D674004BC95D /* Debug */,
				D2105A6A1F10D674004BC95D /* Release */,
			);
			defaultConfigurationIsVisible = 0;
			defaultConfigurationName = Release;
		};
		D2105A6B1F10D674004BC95D /* Build configuration list for PBXNativeTarget "YouthTests" */ = {
			isa = XCConfigurationList;
			buildConfigurations = (
				D2105A6C1F10D674004BC95D /* Debug */,
				D2105A6D1F10D674004BC95D /* Release */,
			);
			defaultConfigurationIsVisible = 0;
			defaultConfigurationName = Release;
		};
		D2105A6E1F10D674004BC95D /* Build configuration list for PBXNativeTarget "YouthUITests" */ = {
			isa = XCConfigurationList;
			buildConfigurations = (
				D2105A6F1F10D674004BC95D /* Debug */,
				D2105A701F10D674004BC95D /* Release */,
			);
			defaultConfigurationIsVisible = 0;
			defaultConfigurationName = Release;
		};
/* End XCConfigurationList section */
	};
	rootObject = D2105A381F10D674004BC95D /* Project object */;
}
